
Microsoft Visual Studio Solution File, Format Version 12.00
# Visual Studio 14
VisualStudioVersion = 14.0.25420.1
MinimumVisualStudioVersion = 10.0.40219.1
Project("{2150E333-8FDC-42A3-9474-1A3956D46DE8}") = "1 - Presentation", "1 - Presentation", "{BCA75EF7-8466-4BB7-9674-70BC0F8D367B}"
EndProject
Project("{2150E333-8FDC-42A3-9474-1A3956D46DE8}") = "2 - Services", "2 - Services", "{098FD8DF-713E-4762-96C7-1B00335DAEAE}"
EndProject
Project("{2150E333-8FDC-42A3-9474-1A3956D46DE8}") = "3 - Application", "3 - Application", "{E375A205-6ECE-423A-976E-F7B1F9AEED58}"
EndProject
Project("{2150E333-8FDC-42A3-9474-1A3956D46DE8}") = "4 - Domain", "4 - Domain", "{54E89C5A-6787-4341-A43F-4957FEA43511}"
EndProject
Project("{2150E333-8FDC-42A3-9474-1A3956D46DE8}") = "5 - Infra", "5 - Infra", "{6EE30879-4DFE-4614-A10C-99A13DC1C1F8}"
EndProject
Project("{2150E333-8FDC-42A3-9474-1A3956D46DE8}") = "5.1 - Data", "5.1 - Data", "{B7E25B13-39FA-4CEC-8DA6-E8179E017121}"
EndProject
Project("{2150E333-8FDC-42A3-9474-1A3956D46DE8}") = "5.2 - CrossCutting", "5.2 - CrossCutting", "{E1644ABB-5510-472F-91B4-E904AFB7CA6A}"
EndProject
Project("{FAE04EC0-301F-11D3-BF4B-00C04F79EFBC}") = "JLC.CursoMVC.UI.Mvc", "src\JLC.CursoMVC.UI.Mvc\JLC.CursoMVC.UI.Mvc.csproj", "{C552CAE9-47F8-46E1-B5B4-201AE38976C6}"
EndProject
Project("{FAE04EC0-301F-11D3-BF4B-00C04F79EFBC}") = "JLC.CursoMVC.Domain", "src\JLC.CursoMVC.Domain\JLC.CursoMVC.Domain.csproj", "{C82A2EBE-7CB0-4E11-BE11-14BF38DEC2B6}"
EndProject
Project("{FAE04EC0-301F-11D3-BF4B-00C04F79EFBC}") = "JLC.CursoMVC.Infra.Data", "src\JLC.CursoMVC.Infra.Data\JLC.CursoMVC.Infra.Data.csproj", "{6691A34E-20B3-4369-A3AC-8596CF2B0985}"
EndProject
Project("{FAE04EC0-301F-11D3-BF4B-00C04F79EFBC}") = "JLC.CursoMvc.Application", "src\JLC.CursoMvc.Application\JLC.CursoMvc.Application.csproj", "{8B5212F5-BB14-4FF8-836E-CBFA83C1C960}"
EndProject
Project("{FAE04EC0-301F-11D3-BF4B-00C04F79EFBC}") = "JLC.CursoMvc.Infra.CrossCutting.MvcFilters", "src\JLC.CursoMvc.Infra.CrossCutting.MvcFilters\JLC.CursoMvc.Infra.CrossCutting.MvcFilters.csproj", "{43AE1EBE-FFAF-4C3A-90AC-42FCE17A73F1}"
EndProject
Project("{FAE04EC0-301F-11D3-BF4B-00C04F79EFBC}") = "JLC.CursoMvc.Infra.CrossCutting.IoC", "src\JLC.CursoMvc.Infra.CrossCutting.IoC\JLC.CursoMvc.Infra.CrossCutting.IoC.csproj", "{AB18D788-1EC1-4671-BF0B-4354A4FBF881}"
EndProject
Project("{FAE04EC0-301F-11D3-BF4B-00C04F79EFBC}") = "JLC.CursoMvc.Domain.Tests", "tests\JLC.CursoMvc.Domain.Tests\JLC.CursoMvc.Domain.Tests.csproj", "{88D9D426-A8DF-401B-845B-1DD103CBBAE8}"
EndProject
Global
	GlobalSection(SolutionConfigurationPlatforms) = preSolution
		Debug|Any CPU = Debug|Any CPU
		Release|Any CPU = Release|Any CPU
	EndGlobalSection
	GlobalSection(ProjectConfigurationPlatforms) = postSolution
		{C552CAE9-47F8-46E1-B5B4-201AE38976C6}.Debug|Any CPU.ActiveCfg = Debug|Any CPU
		{C552CAE9-47F8-46E1-B5B4-201AE38976C6}.Debug|Any CPU.Build.0 = Debug|Any CPU
		{C552CAE9-47F8-46E1-B5B4-201AE38976C6}.Release|Any CPU.ActiveCfg = Release|Any CPU
		{C552CAE9-47F8-46E1-B5B4-201AE38976C6}.Release|Any CPU.Build.0 = Release|Any CPU
		{C82A2EBE-7CB0-4E11-BE11-14BF38DEC2B6}.Debug|Any CPU.ActiveCfg = Debug|Any CPU
		{C82A2EBE-7CB0-4E11-BE11-14BF38DEC2B6}.Debug|Any CPU.Build.0 = Debug|Any CPU
		{C82A2EBE-7CB0-4E11-BE11-14BF38DEC2B6}.Release|Any CPU.ActiveCfg = Release|Any CPU
		{C82A2EBE-7CB0-4E11-BE11-14BF38DEC2B6}.Release|Any CPU.Build.0 = Release|Any CPU
		{6691A34E-20B3-4369-A3AC-8596CF2B0985}.Debug|Any CPU.ActiveCfg = Debug|Any CPU
		{6691A34E-20B3-4369-A3AC-8596CF2B0985}.Debug|Any CPU.Build.0 = Debug|Any CPU
		{6691A34E-20B3-4369-A3AC-8596CF2B0985}.Release|Any CPU.ActiveCfg = Release|Any CPU
		{6691A34E-20B3-4369-A3AC-8596CF2B0985}.Release|Any CPU.Build.0 = Release|Any CPU
		{8B5212F5-BB14-4FF8-836E-CBFA83C1C960}.Debug|Any CPU.ActiveCfg = Debug|Any CPU
		{8B5212F5-BB14-4FF8-836E-CBFA83C1C960}.Debug|Any CPU.Build.0 = Debug|Any CPU
		{8B5212F5-BB14-4FF8-836E-CBFA83C1C960}.Release|Any CPU.ActiveCfg = Release|Any CPU
		{8B5212F5-BB14-4FF8-836E-CBFA83C1C960}.Release|Any CPU.Build.0 = Release|Any CPU
		{43AE1EBE-FFAF-4C3A-90AC-42FCE17A73F1}.Debug|Any CPU.ActiveCfg = Debug|Any CPU
		{43AE1EBE-FFAF-4C3A-90AC-42FCE17A73F1}.Debug|Any CPU.Build.0 = Debug|Any CPU
		{43AE1EBE-FFAF-4C3A-90AC-42FCE17A73F1}.Release|Any CPU.ActiveCfg = Release|Any CPU
		{43AE1EBE-FFAF-4C3A-90AC-42FCE17A73F1}.Release|Any CPU.Build.0 = Release|Any CPU
		{AB18D788-1EC1-4671-BF0B-4354A4FBF881}.Debug|Any CPU.ActiveCfg = Debug|Any CPU
		{AB18D788-1EC1-4671-BF0B-4354A4FBF881}.Debug|Any CPU.Build.0 = Debug|Any CPU
		{AB18D788-1EC1-4671-BF0B-4354A4FBF881}.Release|Any CPU.ActiveCfg = Release|Any CPU
		{AB18D788-1EC1-4671-BF0B-4354A4FBF881}.Release|Any CPU.Build.0 = Release|Any CPU
		{88D9D426-A8DF-401B-845B-1DD103CBBAE8}.Debug|Any CPU.ActiveCfg = Debug|Any CPU
		{88D9D426-A8DF-401B-845B-1DD103CBBAE8}.Debug|Any CPU.Build.0 = Debug|Any CPU
		{88D9D426-A8DF-401B-845B-1DD103CBBAE8}.Release|Any CPU.ActiveCfg = Release|Any CPU
		{88D9D426-A8DF-401B-845B-1DD103CBBAE8}.Release|Any CPU.Build.0 = Release|Any CPU
	EndGlobalSection
	GlobalSection(SolutionProperties) = preSolution
		HideSolutionNode = FALSE
	EndGlobalSection
	GlobalSection(NestedProjects) = preSolution
		{B7E25B13-39FA-4CEC-8DA6-E8179E017121} = {6EE30879-4DFE-4614-A10C-99A13DC1C1F8}
		{E1644ABB-5510-472F-91B4-E904AFB7CA6A} = {6EE30879-4DFE-4614-A10C-99A13DC1C1F8}
		{C552CAE9-47F8-46E1-B5B4-201AE38976C6} = {BCA75EF7-8466-4BB7-9674-70BC0F8D367B}
		{C82A2EBE-7CB0-4E11-BE11-14BF38DEC2B6} = {54E89C5A-6787-4341-A43F-4957FEA43511}
		{6691A34E-20B3-4369-A3AC-8596CF2B0985} = {B7E25B13-39FA-4CEC-8DA6-E8179E017121}
		{8B5212F5-BB14-4FF8-836E-CBFA83C1C960} = {E375A205-6ECE-423A-976E-F7B1F9AEED58}
		{43AE1EBE-FFAF-4C3A-90AC-42FCE17A73F1} = {E1644ABB-5510-472F-91B4-E904AFB7CA6A}
		{AB18D788-1EC1-4671-BF0B-4354A4FBF881} = {E1644ABB-5510-472F-91B4-E904AFB7CA6A}
		{88D9D426-A8DF-401B-845B-1DD103CBBAE8} = {54E89C5A-6787-4341-A43F-4957FEA43511}
	EndGlobalSection
EndGlobal
